
Microsoft Visual Studio Solution File, Format Version 12.00
# Visual Studio 14
VisualStudioVersion = 14.0.23107.0
MinimumVisualStudioVersion = 10.0.40219.1
Project("{8BC9CEB8-8B4A-11D0-8D11-00A0C91BC942}") = "AdventOfCode-Day1", "AdventOfCode\AdventOfCode.vcxproj", "{13E1BDD6-AD05-44EF-8EA4-0E34AA5BE105}"
EndProject
Project("{8BC9CEB8-8B4A-11D0-8D11-00A0C91BC942}") = "AdventOfCode-Day2", "AdventOfCode-Day2\AdventOfCode-Day2.vcxproj", "{19ADA55B-15EC-4E5D-A380-7D0CC844FDAE}"
EndProject
Project("{8BC9CEB8-8B4A-11D0-8D11-00A0C91BC942}") = "AdventOfCode-Day3", "AdventOfCode-Day3\AdventOfCode-Day3.vcxproj", "{F30EAC2C-3FF6-444A-B489-0385EBD6DE28}"
EndProject
Project("{8BC9CEB8-8B4A-11D0-8D11-00A0C91BC942}") = "AdventOfCode-Day4", "AdventOfCode-Day4\AdventOfCode-Day4.vcxproj", "{8B71A747-5485-4C1C-8CAB-F96E97B5D1A2}"
EndProject
Project("{8BC9CEB8-8B4A-11D0-8D11-00A0C91BC942}") = "AdventOfCode-Day5", "AdventOfCode-Day5\AdventOfCode-Day5.vcxproj", "{9DA99DC0-1104-4CF3-BDD3-FB21C26670D8}"
EndProject
Project("{8BC9CEB8-8B4A-11D0-8D11-00A0C91BC942}") = "AdventOfCode-Day6", "AdventOfCode-Day6\AdventOfCode-Day6.vcxproj", "{0D84868B-A949-4EF9-9D3E-7AAC9BB22C11}"
EndProject
Project("{8BC9CEB8-8B4A-11D0-8D11-00A0C91BC942}") = "AdventOfCode-Day7", "AdventOfCode-Day7\AdventOfCode-Day7.vcxproj", "{A7E25F54-56EF-4877-A4A7-7B233218F06F}"
EndProject
Project("{8BC9CEB8-8B4A-11D0-8D11-00A0C91BC942}") = "AdventOfCode-Day8", "AdventOfCode-Day8\AdventOfCode-Day8.vcxproj", "{75420CCE-0573-43F4-B9D2-43F70FB67C90}"
EndProject
Project("{8BC9CEB8-8B4A-11D0-8D11-00A0C91BC942}") = "AdventOfCode-Day9", "AdventOfCode-Day9\AdventOfCode-Day9.vcxproj", "{7E1A1CF8-9AB3-4675-96E4-B5C47B3ABFA5}"
EndProject
Project("{8BC9CEB8-8B4A-11D0-8D11-00A0C91BC942}") = "AdventOfCode-Day10", "AdventOfCode-Day10\AdventOfCode-Day10.vcxproj", "{99AEFC5F-D414-43C2-8422-5BBF81453371}"
EndProject
Project("{8BC9CEB8-8B4A-11D0-8D11-00A0C91BC942}") = "AdventOfCode-Day11", "AdventOfCode-Day11\AdventOfCode-Day11.vcxproj", "{56555FD2-1695-4C51-B3FB-8912A66B3047}"
EndProject
Project("{8BC9CEB8-8B4A-11D0-8D11-00A0C91BC942}") = "AdventOfCode-Day12", "AdventOfCode-Day12\AdventOfCode-Day12.vcxproj", "{047457DB-ACA5-4786-BD0F-B5EE18BB085B}"
EndProject
Global
	GlobalSection(SolutionConfigurationPlatforms) = preSolution
		Debug|x64 = Debug|x64
		Debug|x86 = Debug|x86
		Release|x64 = Release|x64
		Release|x86 = Release|x86
	EndGlobalSection
	GlobalSection(ProjectConfigurationPlatforms) = postSolution
		{13E1BDD6-AD05-44EF-8EA4-0E34AA5BE105}.Debug|x64.ActiveCfg = Debug|x64
		{13E1BDD6-AD05-44EF-8EA4-0E34AA5BE105}.Debug|x64.Build.0 = Debug|x64
		{13E1BDD6-AD05-44EF-8EA4-0E34AA5BE105}.Debug|x86.ActiveCfg = Debug|Win32
		{13E1BDD6-AD05-44EF-8EA4-0E34AA5BE105}.Debug|x86.Build.0 = Debug|Win32
		{13E1BDD6-AD05-44EF-8EA4-0E34AA5BE105}.Release|x64.ActiveCfg = Release|x64
		{13E1BDD6-AD05-44EF-8EA4-0E34AA5BE105}.Release|x64.Build.0 = Release|x64
		{13E1BDD6-AD05-44EF-8EA4-0E34AA5BE105}.Release|x86.ActiveCfg = Release|Win32
		{13E1BDD6-AD05-44EF-8EA4-0E34AA5BE105}.Release|x86.Build.0 = Release|Win32
		{19ADA55B-15EC-4E5D-A380-7D0CC844FDAE}.Debug|x64.ActiveCfg = Debug|x64
		{19ADA55B-15EC-4E5D-A380-7D0CC844FDAE}.Debug|x64.Build.0 = Debug|x64
		{19ADA55B-15EC-4E5D-A380-7D0CC844FDAE}.Debug|x86.ActiveCfg = Debug|Win32
		{19ADA55B-15EC-4E5D-A380-7D0CC844FDAE}.Debug|x86.Build.0 = Debug|Win32
		{19ADA55B-15EC-4E5D-A380-7D0CC844FDAE}.Release|x64.ActiveCfg = Release|x64
		{19ADA55B-15EC-4E5D-A380-7D0CC844FDAE}.Release|x64.Build.0 = Release|x64
		{19ADA55B-15EC-4E5D-A380-7D0CC844FDAE}.Release|x86.ActiveCfg = Release|Win32
		{19ADA55B-15EC-4E5D-A380-7D0CC844FDAE}.Release|x86.Build.0 = Release|Win32
		{F30EAC2C-3FF6-444A-B489-0385EBD6DE28}.Debug|x64.ActiveCfg = Debug|x64
		{F30EAC2C-3FF6-444A-B489-0385EBD6DE28}.Debug|x64.Build.0 = Debug|x64
		{F30EAC2C-3FF6-444A-B489-0385EBD6DE28}.Debug|x86.ActiveCfg = Debug|Win32
		{F30EAC2C-3FF6-444A-B489-0385EBD6DE28}.Debug|x86.Build.0 = Debug|Win32
		{F30EAC2C-3FF6-444A-B489-0385EBD6DE28}.Release|x64.ActiveCfg = Release|x64
		{F30EAC2C-3FF6-444A-B489-0385EBD6DE28}.Release|x64.Build.0 = Release|x64
		{F30EAC2C-3FF6-444A-B489-0385EBD6DE28}.Release|x86.ActiveCfg = Release|Win32
		{F30EAC2C-3FF6-444A-B489-0385EBD6DE28}.Release|x86.Build.0 = Release|Win32
		{8B71A747-5485-4C1C-8CAB-F96E97B5D1A2}.Debug|x64.ActiveCfg = Debug|x64
		{8B71A747-5485-4C1C-8CAB-F96E97B5D1A2}.Debug|x64.Build.0 = Debug|x64
		{8B71A747-5485-4C1C-8CAB-F96E97B5D1A2}.Debug|x86.ActiveCfg = Debug|Win32
		{8B71A747-5485-4C1C-8CAB-F96E97B5D1A2}.Debug|x86.Build.0 = Debug|Win32
		{8B71A747-5485-4C1C-8CAB-F96E97B5D1A2}.Release|x64.ActiveCfg = Release|x64
		{8B71A747-5485-4C1C-8CAB-F96E97B5D1A2}.Release|x64.Build.0 = Release|x64
		{8B71A747-5485-4C1C-8CAB-F96E97B5D1A2}.Release|x86.ActiveCfg = Release|Win32
		{8B71A747-5485-4C1C-8CAB-F96E97B5D1A2}.Release|x86.Build.0 = Release|Win32
		{9DA99DC0-1104-4CF3-BDD3-FB21C26670D8}.Debug|x64.ActiveCfg = Debug|x64
		{9DA99DC0-1104-4CF3-BDD3-FB21C26670D8}.Debug|x64.Build.0 = Debug|x64
		{9DA99DC0-1104-4CF3-BDD3-FB21C26670D8}.Debug|x86.ActiveCfg = Debug|Win32
		{9DA99DC0-1104-4CF3-BDD3-FB21C26670D8}.Debug|x86.Build.0 = Debug|Win32
		{9DA99DC0-1104-4CF3-BDD3-FB21C26670D8}.Release|x64.ActiveCfg = Release|x64
		{9DA99DC0-1104-4CF3-BDD3-FB21C26670D8}.Release|x64.Build.0 = Release|x64
		{9DA99DC0-1104-4CF3-BDD3-FB21C26670D8}.Release|x86.ActiveCfg = Release|Win32
		{9DA99DC0-1104-4CF3-BDD3-FB21C26670D8}.Release|x86.Build.0 = Release|Win32
		{0D84868B-A949-4EF9-9D3E-7AAC9BB22C11}.Debug|x64.ActiveCfg = Debug|x64
		{0D84868B-A949-4EF9-9D3E-7AAC9BB22C11}.Debug|x64.Build.0 = Debug|x64
		{0D84868B-A949-4EF9-9D3E-7AAC9BB22C11}.Debug|x86.ActiveCfg = Debug|Win32
		{0D84868B-A949-4EF9-9D3E-7AAC9BB22C11}.Debug|x86.Build.0 = Debug|Win32
		{0D84868B-A949-4EF9-9D3E-7AAC9BB22C11}.Release|x64.ActiveCfg = Release|x64
		{0D84868B-A949-4EF9-9D3E-7AAC9BB22C11}.Release|x64.Build.0 = Release|x64
		{0D84868B-A949-4EF9-9D3E-7AAC9BB22C11}.Release|x86.ActiveCfg = Release|Win32
		{0D84868B-A949-4EF9-9D3E-7AAC9BB22C11}.Release|x86.Build.0 = Release|Win32
		{A7E25F54-56EF-4877-A4A7-7B233218F06F}.Debug|x64.ActiveCfg = Debug|x64
		{A7E25F54-56EF-4877-A4A7-7B233218F06F}.Debug|x64.Build.0 = Debug|x64
		{A7E25F54-56EF-4877-A4A7-7B233218F06F}.Debug|x86.ActiveCfg = Debug|Win32
		{A7E25F54-56EF-4877-A4A7-7B233218F06F}.Debug|x86.Build.0 = Debug|Win32
		{A7E25F54-56EF-4877-A4A7-7B233218F06F}.Release|x64.ActiveCfg = Release|x64
		{A7E25F54-56EF-4877-A4A7-7B233218F06F}.Release|x64.Build.0 = Release|x64
		{A7E25F54-56EF-4877-A4A7-7B233218F06F}.Release|x86.ActiveCfg = Release|Win32
		{A7E25F54-56EF-4877-A4A7-7B233218F06F}.Release|x86.Build.0 = Release|Win32
		{75420CCE-0573-43F4-B9D2-43F70FB67C90}.Debug|x64.ActiveCfg = Debug|x64
		{75420CCE-0573-43F4-B9D2-43F70FB67C90}.Debug|x64.Build.0 = Debug|x64
		{75420CCE-0573-43F4-B9D2-43F70FB67C90}.Debug|x86.ActiveCfg = Debug|Win32
		{75420CCE-0573-43F4-B9D2-43F70FB67C90}.Debug|x86.Build.0 = Debug|Win32
		{75420CCE-0573-43F4-B9D2-43F70FB67C90}.Release|x64.ActiveCfg = Release|x64
		{75420CCE-0573-43F4-B9D2-43F70FB67C90}.Release|x64.Build.0 = Release|x64
		{75420CCE-0573-43F4-B9D2-43F70FB67C90}.Release|x86.ActiveCfg = Release|Win32
		{75420CCE-0573-43F4-B9D2-43F70FB67C90}.Release|x86.Build.0 = Release|Win32
		{7E1A1CF8-9AB3-4675-96E4-B5C47B3ABFA5}.Debug|x64.ActiveCfg = Debug|x64
		{7E1A1CF8-9AB3-4675-96E4-B5C47B3ABFA5}.Debug|x64.Build.0 = Debug|x64
		{7E1A1CF8-9AB3-4675-96E4-B5C47B3ABFA5}.Debug|x86.ActiveCfg = Debug|Win32
		{7E1A1CF8-9AB3-4675-96E4-B5C47B3ABFA5}.Debug|x86.Build.0 = Debug|Win32
		{7E1A1CF8-9AB3-4675-96E4-B5C47B3ABFA5}.Release|x64.ActiveCfg = Release|x64
		{7E1A1CF8-9AB3-4675-96E4-B5C47B3ABFA5}.Release|x64.Build.0 = Release|x64
		{7E1A1CF8-9AB3-4675-96E4-B5C47B3ABFA5}.Release|x86.ActiveCfg = Release|Win32
		{7E1A1CF8-9AB3-4675-96E4-B5C47B3ABFA5}.Release|x86.Build.0 = Release|Win32
		{99AEFC5F-D414-43C2-8422-5BBF81453371}.Debug|x64.ActiveCfg = Debug|x64
		{99AEFC5F-D414-43C2-8422-5BBF81453371}.Debug|x64.Build.0 = Debug|x64
		{99AEFC5F-D414-43C2-8422-5BBF81453371}.Debug|x86.ActiveCfg = Debug|Win32
		{99AEFC5F-D414-43C2-8422-5BBF81453371}.Debug|x86.Build.0 = Debug|Win32
		{99AEFC5F-D414-43C2-8422-5BBF81453371}.Release|x64.ActiveCfg = Release|x64
		{99AEFC5F-D414-43C2-8422-5BBF81453371}.Release|x64.Build.0 = Release|x64
		{99AEFC5F-D414-43C2-8422-5BBF81453371}.Release|x86.ActiveCfg = Release|Win32
		{99AEFC5F-D414-43C2-8422-5BBF81453371}.Release|x86.Build.0 = Release|Win32
		{56555FD2-1695-4C51-B3FB-8912A66B3047}.Debug|x64.ActiveCfg = Debug|x64
		{56555FD2-1695-4C51-B3FB-8912A66B3047}.Debug|x64.Build.0 = Debug|x64
		{56555FD2-1695-4C51-B3FB-8912A66B3047}.Debug|x86.ActiveCfg = Debug|Win32
		{56555FD2-1695-4C51-B3FB-8912A66B3047}.Debug|x86.Build.0 = Debug|Win32
		{56555FD2-1695-4C51-B3FB-8912A66B3047}.Release|x64.ActiveCfg = Release|x64
		{56555FD2-1695-4C51-B3FB-8912A66B3047}.Release|x64.Build.0 = Release|x64
		{56555FD2-1695-4C51-B3FB-8912A66B3047}.Release|x86.ActiveCfg = Release|Win32
		{56555FD2-1695-4C51-B3FB-8912A66B3047}.Release|x86.Build.0 = Release|Win32
		{047457DB-ACA5-4786-BD0F-B5EE18BB085B}.Debug|x64.ActiveCfg = Debug|x64
		{047457DB-ACA5-4786-BD0F-B5EE18BB085B}.Debug|x64.Build.0 = Debug|x64
		{047457DB-ACA5-4786-BD0F-B5EE18BB085B}.Debug|x86.ActiveCfg = Debug|Win32
		{047457DB-ACA5-4786-BD0F-B5EE18BB085B}.Debug|x86.Build.0 = Debug|Win32
		{047457DB-ACA5-4786-BD0F-B5EE18BB085B}.Release|x64.ActiveCfg = Release|x64
		{047457DB-ACA5-4786-BD0F-B5EE18BB085B}.Release|x64.Build.0 = Release|x64
		{047457DB-ACA5-4786-BD0F-B5EE18BB085B}.Release|x86.ActiveCfg = Release|Win32
		{047457DB-ACA5-4786-BD0F-B5EE18BB085B}.Release|x86.Build.0 = Release|Win32
	EndGlobalSection
	GlobalSection(SolutionProperties) = preSolution
		HideSolutionNode = FALSE
	EndGlobalSection
EndGlobal
